
Microsoft Visual Studio Solution File, Format Version 12.00
# Visual Studio Version 17
VisualStudioVersion = 17.0.31612.314
MinimumVisualStudioVersion = 10.0.40219.1
Project("{8BC9CEB8-8B4A-11D0-8D11-00A0C91BC942}") = "NightFall", "NightFall\NightFall.vcxproj", "{A8B2FDD7-257D-44E6-B723-14EB7BDEAA73}"
EndProject
Global
	GlobalSection(SolutionConfigurationPlatforms) = preSolution
		NRO|NX64 = NRO|NX64
	EndGlobalSection
	GlobalSection(ProjectConfigurationPlatforms) = postSolution
		{A8B2FDD7-257D-44E6-B723-14EB7BDEAA73}.NRO|NX64.ActiveCfg = NRO|x64
		{A8B2FDD7-257D-44E6-B723-14EB7BDEAA73}.NRO|NX64.Build.0 = NRO|x64
	EndGlobalSection
	GlobalSection(SolutionProperties) = preSolution
		HideSolutionNode = FALSE
	EndGlobalSection
	GlobalSection(ExtensibilityGlobals) = postSolution
		SolutionGuid = {FE4E2913-8DE5-46E5-9A21-BD835D1D1798}
	EndGlobalSection
EndGlobal
